# This file is automatically @generated by Cargo.
# It is not intended for manual editing.
version = 4

[[package]]
name = "addr2line"
version = "0.24.2"
source = "registry+https://github.com/rust-lang/crates.io-index"
checksum = "dfbe277e56a376000877090da837660b4427aad530e3028d44e0bffe4f89a1c1"
dependencies = [
 "gimli",
]

[[package]]
name = "adler2"
version = "2.0.0"
source = "registry+https://github.com/rust-lang/crates.io-index"
checksum = "512761e0bb2578dd7380c6baaa0f4ce03e84f95e960231d1dec8bf4d7d6e2627"

[[package]]
name = "android-tzdata"
version = "0.1.1"
source = "registry+https://github.com/rust-lang/crates.io-index"
checksum = "e999941b234f3131b00bc13c22d06e8c5ff726d1b6318ac7eb276997bbb4fef0"

[[package]]
name = "android_system_properties"
version = "0.1.5"
source = "registry+https://github.com/rust-lang/crates.io-index"
checksum = "819e7219dbd41043ac279b19830f2efc897156490d7fd6ea916720117ee66311"
dependencies = [
 "libc",
]

[[package]]
name = "anyhow"
version = "1.0.75"
source = "registry+https://github.com/rust-lang/crates.io-index"
checksum = "a4668cab20f66d8d020e1fbc0ebe47217433c1b6c8f2040faf858554e394ace6"

[[package]]
name = "async-stream"
version = "0.3.5"
source = "registry+https://github.com/rust-lang/crates.io-index"
checksum = "cd56dd203fef61ac097dd65721a419ddccb106b2d2b70ba60a6b529f03961a51"
dependencies = [
 "async-stream-impl",
 "futures-core",
 "pin-project-lite",
]

[[package]]
name = "async-stream-impl"
version = "0.3.5"
source = "registry+https://github.com/rust-lang/crates.io-index"
checksum = "16e62a023e7c117e27523144c5d2459f4397fcc3cab0085af8e2224f643a0193"
dependencies = [
 "proc-macro2",
 "quote",
 "syn 2.0.58",
]

[[package]]
name = "async-trait"
version = "0.1.74"
source = "registry+https://github.com/rust-lang/crates.io-index"
checksum = "a66537f1bb974b254c98ed142ff995236e81b9d0fe4db0575f46612cb15eb0f9"
dependencies = [
 "proc-macro2",
 "quote",
 "syn 2.0.58",
]

[[package]]
name = "atomic-waker"
version = "1.1.2"
source = "registry+https://github.com/rust-lang/crates.io-index"
checksum = "1505bd5d3d116872e7271a6d4e16d81d0c8570876c8de68093a09ac269d8aac0"

[[package]]
name = "autocfg"
version = "1.1.0"
source = "registry+https://github.com/rust-lang/crates.io-index"
checksum = "d468802bab17cbc0cc575e9b053f41e72aa36bfa6b7f55e3529ffa43161b97fa"

[[package]]
name = "axum"
version = "0.7.5"
source = "registry+https://github.com/rust-lang/crates.io-index"
checksum = "3a6c9af12842a67734c9a2e355436e5d03b22383ed60cf13cd0c18fbfe3dcbcf"
dependencies = [
 "async-trait",
 "axum-core",
 "bytes",
 "futures-util",
 "http",
 "http-body",
 "http-body-util",
 "itoa",
 "matchit",
 "memchr",
 "mime",
 "percent-encoding",
 "pin-project-lite",
 "rustversion",
 "serde",
 "sync_wrapper",
 "tower",
 "tower-layer",
 "tower-service",
]

[[package]]
name = "axum-core"
version = "0.4.5"
source = "registry+https://github.com/rust-lang/crates.io-index"
checksum = "09f2bd6146b97ae3359fa0cc6d6b376d9539582c7b4220f041a33ec24c226199"
dependencies = [
 "async-trait",
 "bytes",
 "futures-util",
 "http",
 "http-body",
 "http-body-util",
 "mime",
 "pin-project-lite",
 "rustversion",
 "sync_wrapper",
 "tower-layer",
 "tower-service",
]

[[package]]
name = "backtrace"
version = "0.3.74"
source = "registry+https://github.com/rust-lang/crates.io-index"
checksum = "8d82cb332cdfaed17ae235a638438ac4d4839913cc2af585c3c6746e8f8bee1a"
dependencies = [
 "addr2line",
 "cfg-if",
 "libc",
 "miniz_oxide",
 "object",
 "rustc-demangle",
 "windows-targets 0.52.6",
]

[[package]]
name = "base64"
version = "0.22.1"
source = "registry+https://github.com/rust-lang/crates.io-index"
checksum = "72b3254f16251a8381aa12e40e3c4d2f0199f8c6508fbecb9d91f575e0fbb8c6"

[[package]]
name = "bitflags"
version = "2.6.0"
source = "registry+https://github.com/rust-lang/crates.io-index"
checksum = "b048fb63fd8b5923fc5aa7b340d8e156aec7ec02f0c78fa8a6ddc2613f6f71de"

[[package]]
name = "bumpalo"
version = "3.14.0"
source = "registry+https://github.com/rust-lang/crates.io-index"
checksum = "7f30e7476521f6f8af1a1c4c0b8cc94f0bee37d91763d0ca2665f299b6cd8aec"

[[package]]
name = "bytes"
version = "1.9.0"
source = "registry+https://github.com/rust-lang/crates.io-index"
checksum = "325918d6fe32f23b19878fe4b34794ae41fc19ddbe53b10571a4874d44ffd39b"

[[package]]
name = "cc"
version = "1.0.83"
source = "registry+https://github.com/rust-lang/crates.io-index"
checksum = "f1174fb0b6ec23863f8b971027804a42614e347eafb0a95bf0b12cdae21fc4d0"
dependencies = [
 "libc",
]

[[package]]
name = "cfg-if"
version = "1.0.0"
source = "registry+https://github.com/rust-lang/crates.io-index"
checksum = "baf1de4339761588bc0619e3cbc0120ee582ebb74b53b4efbf79117bd2da40fd"

[[package]]
name = "chrono"
version = "0.4.39"
source = "registry+https://github.com/rust-lang/crates.io-index"
checksum = "7e36cc9d416881d2e24f9a963be5fb1cd90966419ac844274161d10488b3e825"
dependencies = [
 "android-tzdata",
 "iana-time-zone",
 "js-sys",
 "num-traits",
 "wasm-bindgen",
 "windows-targets 0.52.6",
]

[[package]]
name = "chrono-tz"
version = "0.9.0"
source = "registry+https://github.com/rust-lang/crates.io-index"
checksum = "93698b29de5e97ad0ae26447b344c482a7284c737d9ddc5f9e52b74a336671bb"
dependencies = [
 "chrono",
 "chrono-tz-build",
 "phf",
 "uncased",
]

[[package]]
name = "chrono-tz-build"
version = "0.3.0"
source = "registry+https://github.com/rust-lang/crates.io-index"
checksum = "0c088aee841df9c3041febbb73934cfc39708749bf96dc827e3359cd39ef11b1"
dependencies = [
 "parse-zoneinfo",
 "phf",
 "phf_codegen",
 "uncased",
]

[[package]]
name = "core-foundation"
version = "0.10.0"
source = "registry+https://github.com/rust-lang/crates.io-index"
checksum = "b55271e5c8c478ad3f38ad24ef34923091e0548492a266d19b3c0b4d82574c63"
dependencies = [
 "core-foundation-sys",
 "libc",
]

[[package]]
name = "core-foundation-sys"
version = "0.8.7"
source = "registry+https://github.com/rust-lang/crates.io-index"
checksum = "773648b94d0e5d620f64f280777445740e61fe701025087ec8b57f45c791888b"

[[package]]
name = "crossbeam"
version = "0.8.2"
source = "registry+https://github.com/rust-lang/crates.io-index"
checksum = "2801af0d36612ae591caa9568261fddce32ce6e08a7275ea334a06a4ad021a2c"
dependencies = [
 "cfg-if",
 "crossbeam-channel",
 "crossbeam-deque",
 "crossbeam-epoch",
 "crossbeam-queue",
 "crossbeam-utils",
]

[[package]]
name = "crossbeam-channel"
version = "0.5.8"
source = "registry+https://github.com/rust-lang/crates.io-index"
checksum = "a33c2bf77f2df06183c3aa30d1e96c0695a313d4f9c453cc3762a6db39f99200"
dependencies = [
 "cfg-if",
 "crossbeam-utils",
]

[[package]]
name = "crossbeam-deque"
version = "0.8.3"
source = "registry+https://github.com/rust-lang/crates.io-index"
checksum = "ce6fd6f855243022dcecf8702fef0c297d4338e226845fe067f6341ad9fa0cef"
dependencies = [
 "cfg-if",
 "crossbeam-epoch",
 "crossbeam-utils",
]

[[package]]
name = "crossbeam-epoch"
version = "0.9.15"
source = "registry+https://github.com/rust-lang/crates.io-index"
checksum = "ae211234986c545741a7dc064309f67ee1e5ad243d0e48335adc0484d960bcc7"
dependencies = [
 "autocfg",
 "cfg-if",
 "crossbeam-utils",
 "memoffset",
 "scopeguard",
]

[[package]]
name = "crossbeam-queue"
version = "0.3.8"
source = "registry+https://github.com/rust-lang/crates.io-index"
checksum = "d1cfb3ea8a53f37c40dea2c7bedcbd88bdfae54f5e2175d6ecaff1c988353add"
dependencies = [
 "cfg-if",
 "crossbeam-utils",
]

[[package]]
name = "crossbeam-utils"
version = "0.8.16"
source = "registry+https://github.com/rust-lang/crates.io-index"
checksum = "5a22b2d63d4d1dc0b7f1b6b2747dd0088008a9be28b6ddf0b1e7d335e3037294"
dependencies = [
 "cfg-if",
]

[[package]]
name = "either"
version = "1.9.0"
source = "registry+https://github.com/rust-lang/crates.io-index"
checksum = "a26ae43d7bcc3b814de94796a5e736d4029efb0ee900c12e2d54c993ad1a1e07"

[[package]]
name = "equivalent"
version = "1.0.1"
source = "registry+https://github.com/rust-lang/crates.io-index"
checksum = "5443807d6dff69373d433ab9ef5378ad8df50ca6298caf15de6e52e24aaf54d5"

[[package]]
name = "fnv"
version = "1.0.7"
source = "registry+https://github.com/rust-lang/crates.io-index"
checksum = "3f9eec918d3f24069decb9af1554cad7c880e2da24a9afd88aca000531ab82c1"

[[package]]
name = "futures"
version = "0.3.31"
source = "registry+https://github.com/rust-lang/crates.io-index"
checksum = "65bc07b1a8bc7c85c5f2e110c476c7389b4554ba72af57d8445ea63a576b0876"
dependencies = [
 "futures-channel",
 "futures-core",
 "futures-executor",
 "futures-io",
 "futures-sink",
 "futures-task",
 "futures-util",
]

[[package]]
name = "futures-channel"
version = "0.3.31"
source = "registry+https://github.com/rust-lang/crates.io-index"
checksum = "2dff15bf788c671c1934e366d07e30c1814a8ef514e1af724a602e8a2fbe1b10"
dependencies = [
 "futures-core",
 "futures-sink",
]

[[package]]
name = "futures-core"
version = "0.3.31"
source = "registry+https://github.com/rust-lang/crates.io-index"
checksum = "05f29059c0c2090612e8d742178b0580d2dc940c837851ad723096f87af6663e"

[[package]]
name = "futures-executor"
version = "0.3.31"
source = "registry+https://github.com/rust-lang/crates.io-index"
checksum = "1e28d1d997f585e54aebc3f97d39e72338912123a67330d723fdbb564d646c9f"
dependencies = [
 "futures-core",
 "futures-task",
 "futures-util",
 "num_cpus",
]

[[package]]
name = "futures-io"
version = "0.3.31"
source = "registry+https://github.com/rust-lang/crates.io-index"
checksum = "9e5c1b78ca4aae1ac06c48a526a655760685149f0d465d21f37abfe57ce075c6"

[[package]]
name = "futures-macro"
version = "0.3.31"
source = "registry+https://github.com/rust-lang/crates.io-index"
checksum = "162ee34ebcb7c64a8abebc059ce0fee27c2262618d7b60ed8faf72fef13c3650"
dependencies = [
 "proc-macro2",
 "quote",
 "syn 2.0.58",
]

[[package]]
name = "futures-sink"
version = "0.3.31"
source = "registry+https://github.com/rust-lang/crates.io-index"
checksum = "e575fab7d1e0dcb8d0c7bcf9a63ee213816ab51902e6d244a95819acacf1d4f7"

[[package]]
name = "futures-task"
version = "0.3.31"
source = "registry+https://github.com/rust-lang/crates.io-index"
checksum = "f90f7dce0722e95104fcb095585910c0977252f286e354b5e3bd38902cd99988"

[[package]]
name = "futures-util"
version = "0.3.31"
source = "registry+https://github.com/rust-lang/crates.io-index"
checksum = "9fa08315bb612088cc391249efdc3bc77536f16c91f6cf495e6fbe85b20a4a81"
dependencies = [
 "futures-channel",
 "futures-core",
 "futures-io",
 "futures-macro",
 "futures-sink",
 "futures-task",
 "memchr",
 "pin-project-lite",
 "pin-utils",
 "slab",
]

[[package]]
name = "getrandom"
version = "0.2.11"
source = "registry+https://github.com/rust-lang/crates.io-index"
checksum = "fe9006bed769170c11f845cf00c7c1e9092aeb3f268e007c3e760ac68008070f"
dependencies = [
 "cfg-if",
 "libc",
 "wasi",
]

[[package]]
name = "gimli"
version = "0.31.1"
source = "registry+https://github.com/rust-lang/crates.io-index"
checksum = "07e28edb80900c19c28f1072f2e8aeca7fa06b23cd4169cefe1af5aa3260783f"

[[package]]
name = "h2"
version = "0.4.7"
source = "registry+https://github.com/rust-lang/crates.io-index"
checksum = "ccae279728d634d083c00f6099cb58f01cc99c145b84b8be2f6c74618d79922e"
dependencies = [
 "atomic-waker",
 "bytes",
 "fnv",
 "futures-core",
 "futures-sink",
 "http",
 "indexmap 2.1.0",
 "slab",
 "tokio",
 "tokio-util",
 "tracing",
]

[[package]]
name = "hashbrown"
version = "0.12.3"
source = "registry+https://github.com/rust-lang/crates.io-index"
checksum = "8a9ee70c43aaf417c914396645a0fa852624801b24ebb7ae78fe8272889ac888"

[[package]]
name = "hashbrown"
version = "0.14.3"
source = "registry+https://github.com/rust-lang/crates.io-index"
checksum = "290f1a1d9242c78d09ce40a5e87e7554ee637af1351968159f4952f028f75604"

[[package]]
name = "hermit-abi"
version = "0.3.3"
source = "registry+https://github.com/rust-lang/crates.io-index"
checksum = "d77f7ec81a6d05a3abb01ab6eb7590f6083d08449fe5a1c8b1e620283546ccb7"

[[package]]
name = "http"
version = "1.2.0"
source = "registry+https://github.com/rust-lang/crates.io-index"
checksum = "f16ca2af56261c99fba8bac40a10251ce8188205a4c448fbb745a2e4daa76fea"
dependencies = [
 "bytes",
 "fnv",
 "itoa",
]

[[package]]
name = "http-body"
version = "1.0.1"
source = "registry+https://github.com/rust-lang/crates.io-index"
checksum = "1efedce1fb8e6913f23e0c92de8e62cd5b772a67e7b3946df930a62566c93184"
dependencies = [
 "bytes",
 "http",
]

[[package]]
name = "http-body-util"
version = "0.1.2"
source = "registry+https://github.com/rust-lang/crates.io-index"
checksum = "793429d76616a256bcb62c2a2ec2bed781c8307e797e2598c50010f2bee2544f"
dependencies = [
 "bytes",
 "futures-util",
 "http",
 "http-body",
 "pin-project-lite",
]

[[package]]
name = "httparse"
version = "1.8.0"
source = "registry+https://github.com/rust-lang/crates.io-index"
checksum = "d897f394bad6a705d5f4104762e116a75639e470d80901eed05a860a95cb1904"

[[package]]
name = "httpdate"
version = "1.0.3"
source = "registry+https://github.com/rust-lang/crates.io-index"
checksum = "df3b46402a9d5adb4c86a0cf463f42e19994e3ee891101b1841f30a545cb49a9"

[[package]]
name = "hyper"
version = "1.5.2"
source = "registry+https://github.com/rust-lang/crates.io-index"
checksum = "256fb8d4bd6413123cc9d91832d78325c48ff41677595be797d90f42969beae0"
dependencies = [
 "bytes",
 "futures-channel",
 "futures-util",
 "h2",
 "http",
 "http-body",
 "httparse",
 "httpdate",
 "itoa",
 "pin-project-lite",
 "smallvec",
 "tokio",
 "want",
]

[[package]]
name = "hyper-timeout"
version = "0.5.2"
source = "registry+https://github.com/rust-lang/crates.io-index"
checksum = "2b90d566bffbce6a75bd8b09a05aa8c2cb1fabb6cb348f8840c9e4c90a0d83b0"
dependencies = [
 "hyper",
 "hyper-util",
 "pin-project-lite",
 "tokio",
 "tower-service",
]

[[package]]
name = "hyper-util"
version = "0.1.10"
source = "registry+https://github.com/rust-lang/crates.io-index"
checksum = "df2dcfbe0677734ab2f3ffa7fa7bfd4706bfdc1ef393f2ee30184aed67e631b4"
dependencies = [
 "bytes",
 "futures-channel",
 "futures-util",
 "http",
 "http-body",
 "hyper",
 "pin-project-lite",
 "socket2",
 "tokio",
 "tower-service",
 "tracing",
]

[[package]]
name = "iana-time-zone"
version = "0.1.58"
source = "registry+https://github.com/rust-lang/crates.io-index"
checksum = "8326b86b6cff230b97d0d312a6c40a60726df3332e721f72a1b035f451663b20"
dependencies = [
 "android_system_properties",
 "core-foundation-sys",
 "iana-time-zone-haiku",
 "js-sys",
 "wasm-bindgen",
 "windows-core",
]

[[package]]
name = "iana-time-zone-haiku"
version = "0.1.2"
source = "registry+https://github.com/rust-lang/crates.io-index"
checksum = "f31827a206f56af32e590ba56d5d2d085f558508192593743f16b2306495269f"
dependencies = [
 "cc",
]

[[package]]
name = "indexmap"
version = "1.9.3"
source = "registry+https://github.com/rust-lang/crates.io-index"
checksum = "bd070e393353796e801d209ad339e89596eb4c8d430d18ede6a1cced8fafbd99"
dependencies = [
 "autocfg",
 "hashbrown 0.12.3",
]

[[package]]
name = "indexmap"
version = "2.1.0"
source = "registry+https://github.com/rust-lang/crates.io-index"
checksum = "d530e1a18b1cb4c484e6e34556a0d948706958449fca0cab753d649f2bce3d1f"
dependencies = [
 "equivalent",
 "hashbrown 0.14.3",
]

[[package]]
name = "itertools"
version = "0.10.3"
source = "registry+https://github.com/rust-lang/crates.io-index"
checksum = "a9a9d19fa1e79b6215ff29b9d6880b706147f16e9b1dbb1e4e5947b5b02bc5e3"
dependencies = [
 "either",
]

[[package]]
name = "itoa"
version = "1.0.9"
source = "registry+https://github.com/rust-lang/crates.io-index"
checksum = "af150ab688ff2122fcef229be89cb50dd66af9e01a4ff320cc137eecc9bacc38"

[[package]]
name = "js-sys"
version = "0.3.66"
source = "registry+https://github.com/rust-lang/crates.io-index"
checksum = "cee9c64da59eae3b50095c18d3e74f8b73c0b86d2792824ff01bbce68ba229ca"
dependencies = [
 "wasm-bindgen",
]

[[package]]
name = "libc"
version = "0.2.169"
source = "registry+https://github.com/rust-lang/crates.io-index"
checksum = "b5aba8db14291edd000dfcc4d620c7ebfb122c613afb886ca8803fa4e128a20a"

[[package]]
name = "log"
version = "0.4.17"
source = "registry+https://github.com/rust-lang/crates.io-index"
checksum = "abb12e687cfb44aa40f41fc3978ef76448f9b6038cad6aef4259d3c095a2382e"
dependencies = [
 "cfg-if",
]

[[package]]
name = "matchit"
version = "0.7.3"
source = "registry+https://github.com/rust-lang/crates.io-index"
checksum = "0e7465ac9959cc2b1404e8e2367b43684a6d13790fe23056cc8c6c5a6b7bcb94"

[[package]]
name = "maybe-async"
version = "0.2.7"
source = "registry+https://github.com/rust-lang/crates.io-index"
checksum = "0f1b8c13cb1f814b634a96b2c725449fe7ed464a7b8781de8688be5ffbd3f305"
dependencies = [
 "proc-macro2",
 "quote",
 "syn 1.0.109",
]

[[package]]
name = "memchr"
version = "2.6.4"
source = "registry+https://github.com/rust-lang/crates.io-index"
checksum = "f665ee40bc4a3c5590afb1e9677db74a508659dfd71e126420da8274909a0167"

[[package]]
name = "memoffset"
version = "0.9.0"
source = "registry+https://github.com/rust-lang/crates.io-index"
checksum = "5a634b1c61a95585bd15607c6ab0c4e5b226e695ff2800ba0cdccddf208c406c"
dependencies = [
 "autocfg",
]

[[package]]
name = "mime"
version = "0.3.17"
source = "registry+https://github.com/rust-lang/crates.io-index"
checksum = "6877bb514081ee2a7ff5ef9de3281f14a4dd4bceac4c09388074a6b5df8a139a"

[[package]]
name = "miniz_oxide"
version = "0.8.2"
source = "registry+https://github.com/rust-lang/crates.io-index"
checksum = "4ffbe83022cedc1d264172192511ae958937694cd57ce297164951b8b3568394"
dependencies = [
 "adler2",
]

[[package]]
name = "mio"
version = "1.0.3"
source = "registry+https://github.com/rust-lang/crates.io-index"
checksum = "2886843bf800fba2e3377cff24abf6379b4c4d5c6681eaf9ea5b0d15090450bd"
dependencies = [
 "libc",
 "wasi",
 "windows-sys 0.52.0",
]

[[package]]
name = "num-traits"
version = "0.2.17"
source = "registry+https://github.com/rust-lang/crates.io-index"
checksum = "39e3200413f237f41ab11ad6d161bc7239c84dcb631773ccd7de3dfe4b5c267c"
dependencies = [
 "autocfg",
]

[[package]]
name = "num_cpus"
version = "1.16.0"
source = "registry+https://github.com/rust-lang/crates.io-index"
checksum = "4161fcb6d602d4d2081af7c3a45852d875a03dd337a6bfdd6e06407b61342a43"
dependencies = [
 "hermit-abi",
 "libc",
]

[[package]]
name = "object"
version = "0.36.7"
source = "registry+https://github.com/rust-lang/crates.io-index"
checksum = "62948e14d923ea95ea2c7c86c71013138b66525b86bdc08d2dcc262bdb497b87"
dependencies = [
 "memchr",
]

[[package]]
name = "once_cell"
version = "1.18.0"
source = "registry+https://github.com/rust-lang/crates.io-index"
checksum = "dd8b5dd2ae5ed71462c540258bedcb51965123ad7e7ccf4b9a8cafaa4a63576d"

[[package]]
name = "openssl-probe"
version = "0.1.5"
source = "registry+https://github.com/rust-lang/crates.io-index"
checksum = "ff011a302c396a5197692431fc1948019154afc178baf7d8e37367442a4601cf"

[[package]]
name = "parse-zoneinfo"
version = "0.3.1"
source = "registry+https://github.com/rust-lang/crates.io-index"
checksum = "1f2a05b18d44e2957b88f96ba460715e295bc1d7510468a2f3d3b44535d26c24"
dependencies = [
 "regex",
]

[[package]]
name = "percent-encoding"
version = "2.3.1"
source = "registry+https://github.com/rust-lang/crates.io-index"
checksum = "e3148f5046208a5d56bcfc03053e3ca6334e51da8dfb19b6cdc8b306fae3283e"

[[package]]
name = "phf"
version = "0.11.3"
source = "registry+https://github.com/rust-lang/crates.io-index"
checksum = "1fd6780a80ae0c52cc120a26a1a42c1ae51b247a253e4e06113d23d2c2edd078"
dependencies = [
 "phf_shared",
]

[[package]]
name = "phf_codegen"
version = "0.11.3"
source = "registry+https://github.com/rust-lang/crates.io-index"
checksum = "aef8048c789fa5e851558d709946d6d79a8ff88c0440c587967f8e94bfb1216a"
dependencies = [
 "phf_generator",
 "phf_shared",
]

[[package]]
name = "phf_generator"
version = "0.11.3"
source = "registry+https://github.com/rust-lang/crates.io-index"
checksum = "3c80231409c20246a13fddb31776fb942c38553c51e871f8cbd687a4cfb5843d"
dependencies = [
 "phf_shared",
 "rand",
]

[[package]]
name = "phf_shared"
version = "0.11.3"
source = "registry+https://github.com/rust-lang/crates.io-index"
checksum = "67eabc2ef2a60eb7faa00097bd1ffdb5bd28e62bf39990626a582201b7a754e5"
dependencies = [
 "siphasher",
 "uncased",
]

[[package]]
name = "pin-project"
version = "1.1.3"
source = "registry+https://github.com/rust-lang/crates.io-index"
checksum = "fda4ed1c6c173e3fc7a83629421152e01d7b1f9b7f65fb301e490e8cfc656422"
dependencies = [
 "pin-project-internal",
]

[[package]]
name = "pin-project-internal"
version = "1.1.3"
source = "registry+https://github.com/rust-lang/crates.io-index"
checksum = "4359fd9c9171ec6e8c62926d6faaf553a8dc3f64e1507e76da7911b4f6a04405"
dependencies = [
 "proc-macro2",
 "quote",
 "syn 2.0.58",
]

[[package]]
name = "pin-project-lite"
version = "0.2.13"
source = "registry+https://github.com/rust-lang/crates.io-index"
checksum = "8afb450f006bf6385ca15ef45d71d2288452bc3683ce2e2cacc0d18e4be60b58"

[[package]]
name = "pin-utils"
version = "0.1.0"
source = "registry+https://github.com/rust-lang/crates.io-index"
checksum = "8b870d8c151b6f2fb93e84a13146138f05d02ed11c7e7c54f8826aaaf7c9f184"

[[package]]
name = "ppv-lite86"
version = "0.2.17"
source = "registry+https://github.com/rust-lang/crates.io-index"
checksum = "5b40af805b3121feab8a3c29f04d8ad262fa8e0561883e7653e024ae4479e6de"

[[package]]
name = "proc-macro2"
version = "1.0.78"
source = "registry+https://github.com/rust-lang/crates.io-index"
checksum = "e2422ad645d89c99f8f3e6b88a9fdeca7fabeac836b1002371c4367c8f984aae"
dependencies = [
 "unicode-ident",
]

[[package]]
name = "prost"
version = "0.13.4"
source = "registry+https://github.com/rust-lang/crates.io-index"
checksum = "2c0fef6c4230e4ccf618a35c59d7ede15dea37de8427500f50aff708806e42ec"
dependencies = [
 "bytes",
 "prost-derive",
]

[[package]]
name = "prost-derive"
version = "0.13.4"
source = "registry+https://github.com/rust-lang/crates.io-index"
checksum = "157c5a9d7ea5c2ed2d9fb8f495b64759f7816c7eaea54ba3978f0d63000162e3"
dependencies = [
 "anyhow",
 "itertools",
 "proc-macro2",
 "quote",
 "syn 2.0.58",
]

[[package]]
name = "prost-types"
version = "0.13.4"
source = "registry+https://github.com/rust-lang/crates.io-index"
checksum = "cc2f1e56baa61e93533aebc21af4d2134b70f66275e0fcdf3cbe43d77ff7e8fc"
dependencies = [
 "prost",
]

[[package]]
name = "quote"
version = "1.0.35"
source = "registry+https://github.com/rust-lang/crates.io-index"
checksum = "291ec9ab5efd934aaf503a6466c5d5251535d108ee747472c3977cc5acc868ef"
dependencies = [
 "proc-macro2",
]

[[package]]
name = "rand"
version = "0.8.5"
source = "registry+https://github.com/rust-lang/crates.io-index"
checksum = "34af8d1a0e25924bc5b7c43c079c942339d8f0a8b57c39049bef581b46327404"
dependencies = [
 "libc",
 "rand_chacha",
 "rand_core",
]

[[package]]
name = "rand_chacha"
version = "0.3.1"
source = "registry+https://github.com/rust-lang/crates.io-index"
checksum = "e6c10a63a0fa32252be49d21e7709d4d4baf8d231c2dbce1eaa8141b9b127d88"
dependencies = [
 "ppv-lite86",
 "rand_core",
]

[[package]]
name = "rand_core"
version = "0.6.4"
source = "registry+https://github.com/rust-lang/crates.io-index"
checksum = "ec0be4795e2f6a28069bec0b5ff3e2ac9bafc99e6a9a7dc3547996c5c816922c"
dependencies = [
 "getrandom",
]

[[package]]
name = "regex"
version = "1.6.0"
source = "registry+https://github.com/rust-lang/crates.io-index"
checksum = "4c4eb3267174b8c6c2f654116623910a0fef09c4753f8dd83db29c48a0df988b"
dependencies = [
 "regex-syntax",
]

[[package]]
name = "regex-syntax"
version = "0.6.29"
source = "registry+https://github.com/rust-lang/crates.io-index"
checksum = "f162c6dd7b008981e4d40210aca20b4bd0f9b60ca9271061b07f78537722f2e1"

[[package]]
name = "ring"
version = "0.17.6"
source = "registry+https://github.com/rust-lang/crates.io-index"
checksum = "684d5e6e18f669ccebf64a92236bb7db9a34f07be010e3627368182027180866"
dependencies = [
 "cc",
 "getrandom",
 "libc",
 "spin",
 "untrusted",
 "windows-sys 0.48.0",
]

[[package]]
name = "rustc-demangle"
version = "0.1.24"
source = "registry+https://github.com/rust-lang/crates.io-index"
checksum = "719b953e2095829ee67db738b3bfa9fa368c94900df327b3f07fe6e794d2fe1f"

[[package]]
name = "rustls"
version = "0.23.20"
source = "registry+https://github.com/rust-lang/crates.io-index"
checksum = "5065c3f250cbd332cd894be57c40fa52387247659b14a2d6041d121547903b1b"
dependencies = [
 "log",
 "once_cell",
 "ring",
 "rustls-pki-types",
 "rustls-webpki",
 "subtle",
 "zeroize",
]

[[package]]
name = "rustls-native-certs"
version = "0.8.1"
source = "registry+https://github.com/rust-lang/crates.io-index"
checksum = "7fcff2dd52b58a8d98a70243663a0d234c4e2b79235637849d15913394a247d3"
dependencies = [
 "openssl-probe",
 "rustls-pki-types",
 "schannel",
 "security-framework",
]

[[package]]
name = "rustls-pemfile"
version = "2.2.0"
source = "registry+https://github.com/rust-lang/crates.io-index"
checksum = "dce314e5fee3f39953d46bb63bb8a46d40c2f8fb7cc5a3b6cab2bde9721d6e50"
dependencies = [
 "rustls-pki-types",
]

[[package]]
name = "rustls-pki-types"
version = "1.10.1"
source = "registry+https://github.com/rust-lang/crates.io-index"
checksum = "d2bf47e6ff922db3825eb750c4e2ff784c6ff8fb9e13046ef6a1d1c5401b0b37"

[[package]]
name = "rustls-webpki"
version = "0.102.8"
source = "registry+https://github.com/rust-lang/crates.io-index"
checksum = "64ca1bc8749bd4cf37b5ce386cc146580777b4e8572c7b97baf22c83f444bee9"
dependencies = [
 "ring",
 "rustls-pki-types",
 "untrusted",
]

[[package]]
name = "rustversion"
version = "1.0.19"
source = "registry+https://github.com/rust-lang/crates.io-index"
checksum = "f7c45b9784283f1b2e7fb61b42047c2fd678ef0960d4f6f1eba131594cc369d4"

[[package]]
name = "ryu"
version = "1.0.17"
source = "registry+https://github.com/rust-lang/crates.io-index"
checksum = "e86697c916019a8588c99b5fac3cead74ec0b4b819707a682fd4d23fa0ce1ba1"

[[package]]
name = "sample-app"
version = "0.1.0"
dependencies = [
 "futures-util",
 "serde_json",
 "tokio",
 "typedb-driver",
]

[[package]]
name = "schannel"
version = "0.1.22"
source = "registry+https://github.com/rust-lang/crates.io-index"
checksum = "0c3733bf4cf7ea0880754e19cb5a462007c4a8c1914bff372ccc95b464f1df88"
dependencies = [
 "windows-sys 0.48.0",
]

[[package]]
name = "scopeguard"
version = "1.2.0"
source = "registry+https://github.com/rust-lang/crates.io-index"
checksum = "94143f37725109f92c262ed2cf5e59bce7498c01bcc1502d7b9afe439a4e9f49"

[[package]]
name = "security-framework"
version = "3.2.0"
source = "registry+https://github.com/rust-lang/crates.io-index"
checksum = "271720403f46ca04f7ba6f55d438f8bd878d6b8ca0a1046e8228c4145bcbb316"
dependencies = [
 "bitflags",
 "core-foundation",
 "core-foundation-sys",
 "libc",
 "security-framework-sys",
]

[[package]]
name = "security-framework-sys"
version = "2.14.0"
source = "registry+https://github.com/rust-lang/crates.io-index"
checksum = "49db231d56a190491cb4aeda9527f1ad45345af50b0851622a7adb8c03b01c32"
dependencies = [
 "core-foundation-sys",
 "libc",
]

[[package]]
name = "serde"
version = "1.0.197"
source = "registry+https://github.com/rust-lang/crates.io-index"
checksum = "3fb1c873e1b9b056a4dc4c0c198b24c3ffa059243875552b2bd0933b1aee4ce2"
dependencies = [
 "serde_derive",
]

[[package]]
name = "serde_derive"
version = "1.0.197"
source = "registry+https://github.com/rust-lang/crates.io-index"
checksum = "7eb0b34b42edc17f6b7cac84a52a1c5f0e1bb2227e997ca9011ea3dd34e8610b"
dependencies = [
 "proc-macro2",
 "quote",
 "syn 2.0.58",
]

[[package]]
name = "serde_json"
version = "1.0.114"
source = "registry+https://github.com/rust-lang/crates.io-index"
checksum = "c5f09b1bd632ef549eaa9f60a1f8de742bdbc698e6cee2095fc84dde5f549ae0"
dependencies = [
 "itoa",
 "ryu",
 "serde",
]

[[package]]
name = "siphasher"
version = "1.0.1"
source = "registry+https://github.com/rust-lang/crates.io-index"
checksum = "56199f7ddabf13fe5074ce809e7d3f42b42ae711800501b5b16ea82ad029c39d"

[[package]]
name = "slab"
version = "0.4.9"
source = "registry+https://github.com/rust-lang/crates.io-index"
checksum = "8f92a496fb766b417c996b9c5e57daf2f7ad3b0bebe1ccfca4856390e3d3bb67"
dependencies = [
 "autocfg",
]

[[package]]
name = "smallvec"
version = "1.13.2"
source = "registry+https://github.com/rust-lang/crates.io-index"
checksum = "3c5e1a9a646d36c3599cd173a41282daf47c44583ad367b8e6837255952e5c67"

[[package]]
name = "socket2"
version = "0.5.8"
source = "registry+https://github.com/rust-lang/crates.io-index"
checksum = "c970269d99b64e60ec3bd6ad27270092a5394c4e309314b18ae3fe575695fbe8"
dependencies = [
 "libc",
 "windows-sys 0.52.0",
]

[[package]]
name = "spin"
version = "0.9.8"
source = "registry+https://github.com/rust-lang/crates.io-index"
checksum = "6980e8d7511241f8acf4aebddbb1ff938df5eebe98691418c4468d0b72a96a67"

[[package]]
name = "subtle"
version = "2.6.1"
source = "registry+https://github.com/rust-lang/crates.io-index"
checksum = "13c2bddecc57b384dee18652358fb23172facb8a2c51ccc10d74c157bdea3292"

[[package]]
name = "syn"
version = "1.0.109"
source = "registry+https://github.com/rust-lang/crates.io-index"
checksum = "72b64191b275b66ffe2469e8af2c1cfe3bafa67b529ead792a6d0160888b4237"
dependencies = [
 "proc-macro2",
 "quote",
 "unicode-ident",
]

[[package]]
name = "syn"
version = "2.0.58"
source = "registry+https://github.com/rust-lang/crates.io-index"
checksum = "44cfb93f38070beee36b3fef7d4f5a16f27751d94b187b666a5cc5e9b0d30687"
dependencies = [
 "proc-macro2",
 "quote",
 "unicode-ident",
]

[[package]]
name = "sync_wrapper"
version = "1.0.2"
source = "registry+https://github.com/rust-lang/crates.io-index"
checksum = "0bf256ce5efdfa370213c1dabab5935a12e49f2c58d15e9eac2870d3b4f27263"

[[package]]
name = "tokio"
version = "1.43.0"
source = "registry+https://github.com/rust-lang/crates.io-index"
checksum = "3d61fa4ffa3de412bfea335c6ecff681de2b609ba3c77ef3e00e521813a9ed9e"
dependencies = [
 "backtrace",
 "bytes",
 "libc",
 "mio",
 "pin-project-lite",
 "socket2",
 "tokio-macros",
 "windows-sys 0.52.0",
]

[[package]]
name = "tokio-macros"
version = "2.5.0"
source = "registry+https://github.com/rust-lang/crates.io-index"
checksum = "6e06d43f1345a3bcd39f6a56dbb7dcab2ba47e68e8ac134855e7e2bdbaf8cab8"
dependencies = [
 "proc-macro2",
 "quote",
 "syn 2.0.58",
]

[[package]]
name = "tokio-rustls"
version = "0.26.1"
source = "registry+https://github.com/rust-lang/crates.io-index"
checksum = "5f6d0975eaace0cf0fcadee4e4aaa5da15b5c079146f2cffb67c113be122bf37"
dependencies = [
 "rustls",
 "tokio",
]

[[package]]
name = "tokio-stream"
version = "0.1.17"
source = "registry+https://github.com/rust-lang/crates.io-index"
checksum = "eca58d7bba4a75707817a2c44174253f9236b2d5fbd055602e9d5c07c139a047"
dependencies = [
 "futures-core",
 "pin-project-lite",
 "tokio",
]

[[package]]
name = "tokio-util"
version = "0.7.8"
source = "registry+https://github.com/rust-lang/crates.io-index"
checksum = "806fe8c2c87eccc8b3267cbae29ed3ab2d0bd37fca70ab622e46aaa9375ddb7d"
dependencies = [
 "bytes",
 "futures-core",
 "futures-sink",
 "pin-project-lite",
 "tokio",
 "tracing",
]

[[package]]
name = "tonic"
version = "0.12.3"
source = "registry+https://github.com/rust-lang/crates.io-index"
checksum = "877c5b330756d856ffcc4553ab34a5684481ade925ecc54bcd1bf02b1d0d4d52"
dependencies = [
 "async-stream",
 "async-trait",
 "axum",
 "base64",
 "bytes",
 "h2",
 "http",
 "http-body",
 "http-body-util",
 "hyper",
 "hyper-timeout",
 "hyper-util",
 "percent-encoding",
 "pin-project",
 "prost",
 "rustls-native-certs",
 "rustls-pemfile",
 "socket2",
 "tokio",
 "tokio-rustls",
 "tokio-stream",
 "tower",
 "tower-layer",
 "tower-service",
 "tracing",
]

[[package]]
name = "tonic-types"
version = "0.12.3"
source = "registry+https://github.com/rust-lang/crates.io-index"
checksum = "0081d8ee0847d01271392a5aebe960a4600f5d4da6c67648a6382a0940f8b367"
dependencies = [
 "prost",
 "prost-types",
 "tonic",
]

[[package]]
name = "tower"
version = "0.4.13"
source = "registry+https://github.com/rust-lang/crates.io-index"
checksum = "b8fa9be0de6cf49e536ce1851f987bd21a43b771b09473c3549a6c853db37c1c"
dependencies = [
 "futures-core",
 "futures-util",
 "indexmap 1.9.3",
 "pin-project",
 "pin-project-lite",
 "rand",
 "slab",
 "tokio",
 "tokio-util",
 "tower-layer",
 "tower-service",
 "tracing",
]

[[package]]
name = "tower-layer"
version = "0.3.2"
source = "registry+https://github.com/rust-lang/crates.io-index"
checksum = "c20c8dbed6283a09604c3e69b4b7eeb54e298b8a600d4d5ecb5ad39de609f1d0"

[[package]]
name = "tower-service"
version = "0.3.2"
source = "registry+https://github.com/rust-lang/crates.io-index"
checksum = "b6bc1c9ce2b5135ac7f93c72918fc37feb872bdc6a5533a8b85eb4b86bfdae52"

[[package]]
name = "tracing"
version = "0.1.40"
source = "registry+https://github.com/rust-lang/crates.io-index"
checksum = "c3523ab5a71916ccf420eebdf5521fcef02141234bbc0b8a49f2fdc4544364ef"
dependencies = [
 "pin-project-lite",
 "tracing-attributes",
 "tracing-core",
]

[[package]]
name = "tracing-attributes"
version = "0.1.27"
source = "registry+https://github.com/rust-lang/crates.io-index"
checksum = "34704c8d6ebcbc939824180af020566b01a7c01f80641264eba0999f6c2b6be7"
dependencies = [
 "proc-macro2",
 "quote",
 "syn 2.0.58",
]

[[package]]
name = "tracing-core"
version = "0.1.32"
source = "registry+https://github.com/rust-lang/crates.io-index"
checksum = "c06d3da6113f116aaee68e4d601191614c9053067f9ab7f6edbcb161237daa54"
dependencies = [
 "once_cell",
]

[[package]]
name = "try-lock"
version = "0.2.4"
source = "registry+https://github.com/rust-lang/crates.io-index"
checksum = "3528ecfd12c466c6f163363caf2d02a71161dd5e1cc6ae7b34207ea2d42d81ed"

[[package]]
name = "typedb-driver"
version = "3.1.0"
source = "registry+https://github.com/rust-lang/crates.io-index"
checksum = "c7669a3775fcd59f213ea2fbd1fcc3a00b547d4f1d0e855bb4cf27370c5226e1"
dependencies = [
 "chrono",
 "chrono-tz",
 "crossbeam",
 "futures",
 "http",
 "itertools",
 "log",
 "maybe-async",
 "prost",
 "tokio",
 "tokio-stream",
 "tonic",
 "tonic-types",
 "typedb-protocol",
 "uuid",
]

[[package]]
name = "typedb-protocol"
version = "3.0.0"
source = "registry+https://github.com/rust-lang/crates.io-index"
checksum = "78dd73c01f57747157a0c6a7fe6f20eff31c04042edede2ccd045eee3b7296fd"
dependencies = [
 "prost",
 "tonic",
]

[[package]]
name = "uncased"
version = "0.9.10"
source = "registry+https://github.com/rust-lang/crates.io-index"
checksum = "e1b88fcfe09e89d3866a5c11019378088af2d24c3fbd4f0543f96b479ec90697"
dependencies = [
 "version_check",
]

[[package]]
name = "unicode-ident"
version = "1.0.12"
source = "registry+https://github.com/rust-lang/crates.io-index"
checksum = "3354b9ac3fae1ff6755cb6db53683adb661634f67557942dea4facebec0fee4b"

[[package]]
name = "untrusted"
version = "0.9.0"
source = "registry+https://github.com/rust-lang/crates.io-index"
checksum = "8ecb6da28b8a351d773b68d5825ac39017e680750f980f3a1a85cd8dd28a47c1"

[[package]]
name = "uuid"
version = "1.1.2"
source = "registry+https://github.com/rust-lang/crates.io-index"
checksum = "dd6469f4314d5f1ffec476e05f17cc9a78bc7a27a6a857842170bdf8d6f98d2f"
dependencies = [
 "getrandom",
 "rand",
]

[[package]]
name = "version_check"
version = "0.9.4"
source = "registry+https://github.com/rust-lang/crates.io-index"
checksum = "49874b5167b65d7193b8aba1567f5c7d93d001cafc34600cee003eda787e483f"

[[package]]
name = "want"
version = "0.3.1"
source = "registry+https://github.com/rust-lang/crates.io-index"
checksum = "bfa7760aed19e106de2c7c0b581b509f2f25d3dacaf737cb82ac61bc6d760b0e"
dependencies = [
 "try-lock",
]

[[package]]
name = "wasi"
version = "0.11.0+wasi-snapshot-preview1"
source = "registry+https://github.com/rust-lang/crates.io-index"
checksum = "9c8d87e72b64a3b4db28d11ce29237c246188f4f51057d65a7eab63b7987e423"

[[package]]
name = "wasm-bindgen"
version = "0.2.89"
source = "registry+https://github.com/rust-lang/crates.io-index"
checksum = "0ed0d4f68a3015cc185aff4db9506a015f4b96f95303897bfa23f846db54064e"
dependencies = [
 "cfg-if",
 "wasm-bindgen-macro",
]

[[package]]
name = "wasm-bindgen-backend"
version = "0.2.89"
source = "registry+https://github.com/rust-lang/crates.io-index"
checksum = "1b56f625e64f3a1084ded111c4d5f477df9f8c92df113852fa5a374dbda78826"
dependencies = [
 "bumpalo",
 "log",
 "once_cell",
 "proc-macro2",
 "quote",
 "syn 2.0.58",
 "wasm-bindgen-shared",
]

[[package]]
name = "wasm-bindgen-macro"
version = "0.2.89"
source = "registry+https://github.com/rust-lang/crates.io-index"
checksum = "0162dbf37223cd2afce98f3d0785506dcb8d266223983e4b5b525859e6e182b2"
dependencies = [
 "quote",
 "wasm-bindgen-macro-support",
]

[[package]]
name = "wasm-bindgen-macro-support"
version = "0.2.89"
source = "registry+https://github.com/rust-lang/crates.io-index"
checksum = "f0eb82fcb7930ae6219a7ecfd55b217f5f0893484b7a13022ebb2b2bf20b5283"
dependencies = [
 "proc-macro2",
 "quote",
 "syn 2.0.58",
 "wasm-bindgen-backend",
 "wasm-bindgen-shared",
]

[[package]]
name = "wasm-bindgen-shared"
version = "0.2.89"
source = "registry+https://github.com/rust-lang/crates.io-index"
checksum = "7ab9b36309365056cd639da3134bf87fa8f3d86008abf99e612384a6eecd459f"

[[package]]
name = "windows-core"
version = "0.51.1"
source = "registry+https://github.com/rust-lang/crates.io-index"
checksum = "f1f8cf84f35d2db49a46868f947758c7a1138116f7fac3bc844f43ade1292e64"
dependencies = [
 "windows-targets 0.48.5",
]

[[package]]
name = "windows-sys"
version = "0.48.0"
source = "registry+https://github.com/rust-lang/crates.io-index"
checksum = "677d2418bec65e3338edb076e806bc1ec15693c5d0104683f2efe857f61056a9"
dependencies = [
 "windows-targets 0.48.5",
]

[[package]]
name = "windows-sys"
version = "0.52.0"
source = "registry+https://github.com/rust-lang/crates.io-index"
checksum = "282be5f36a8ce781fad8c8ae18fa3f9beff57ec1b52cb3de0789201425d9a33d"
dependencies = [
 "windows-targets 0.52.6",
]

[[package]]
name = "windows-targets"
version = "0.48.5"
source = "registry+https://github.com/rust-lang/crates.io-index"
checksum = "9a2fa6e2155d7247be68c096456083145c183cbbbc2764150dda45a87197940c"
dependencies = [
 "windows_aarch64_gnullvm 0.48.5",
 "windows_aarch64_msvc 0.48.5",
 "windows_i686_gnu 0.48.5",
 "windows_i686_msvc 0.48.5",
 "windows_x86_64_gnu 0.48.5",
 "windows_x86_64_gnullvm 0.48.5",
 "windows_x86_64_msvc 0.48.5",
]

[[package]]
name = "windows-targets"
version = "0.52.6"
source = "registry+https://github.com/rust-lang/crates.io-index"
checksum = "9b724f72796e036ab90c1021d4780d4d3d648aca59e491e6b98e725b84e99973"
dependencies = [
 "windows_aarch64_gnullvm 0.52.6",
 "windows_aarch64_msvc 0.52.6",
 "windows_i686_gnu 0.52.6",
 "windows_i686_gnullvm",
 "windows_i686_msvc 0.52.6",
 "windows_x86_64_gnu 0.52.6",
 "windows_x86_64_gnullvm 0.52.6",
 "windows_x86_64_msvc 0.52.6",
]

[[package]]
name = "windows_aarch64_gnullvm"
version = "0.48.5"
source = "registry+https://github.com/rust-lang/crates.io-index"
checksum = "2b38e32f0abccf9987a4e3079dfb67dcd799fb61361e53e2882c3cbaf0d905d8"

[[package]]
name = "windows_aarch64_gnullvm"
version = "0.52.6"
source = "registry+https://github.com/rust-lang/crates.io-index"
checksum = "32a4622180e7a0ec044bb555404c800bc9fd9ec262ec147edd5989ccd0c02cd3"

[[package]]
name = "windows_aarch64_msvc"
version = "0.48.5"
source = "registry+https://github.com/rust-lang/crates.io-index"
checksum = "dc35310971f3b2dbbf3f0690a219f40e2d9afcf64f9ab7cc1be722937c26b4bc"

[[package]]
name = "windows_aarch64_msvc"
version = "0.52.6"
source = "registry+https://github.com/rust-lang/crates.io-index"
checksum = "09ec2a7bb152e2252b53fa7803150007879548bc709c039df7627cabbd05d469"

[[package]]
name = "windows_i686_gnu"
version = "0.48.5"
source = "registry+https://github.com/rust-lang/crates.io-index"
checksum = "a75915e7def60c94dcef72200b9a8e58e5091744960da64ec734a6c6e9b3743e"

[[package]]
name = "windows_i686_gnu"
version = "0.52.6"
source = "registry+https://github.com/rust-lang/crates.io-index"
checksum = "8e9b5ad5ab802e97eb8e295ac6720e509ee4c243f69d781394014ebfe8bbfa0b"

[[package]]
name = "windows_i686_gnullvm"
version = "0.52.6"
source = "registry+https://github.com/rust-lang/crates.io-index"
checksum = "0eee52d38c090b3caa76c563b86c3a4bd71ef1a819287c19d586d7334ae8ed66"

[[package]]
name = "windows_i686_msvc"
version = "0.48.5"
source = "registry+https://github.com/rust-lang/crates.io-index"
checksum = "8f55c233f70c4b27f66c523580f78f1004e8b5a8b659e05a4eb49d4166cca406"

[[package]]
name = "windows_i686_msvc"
version = "0.52.6"
source = "registry+https://github.com/rust-lang/crates.io-index"
checksum = "240948bc05c5e7c6dabba28bf89d89ffce3e303022809e73deaefe4f6ec56c66"

[[package]]
name = "windows_x86_64_gnu"
version = "0.48.5"
source = "registry+https://github.com/rust-lang/crates.io-index"
checksum = "53d40abd2583d23e4718fddf1ebec84dbff8381c07cae67ff7768bbf19c6718e"

[[package]]
name = "windows_x86_64_gnu"
version = "0.52.6"
source = "registry+https://github.com/rust-lang/crates.io-index"
checksum = "147a5c80aabfbf0c7d901cb5895d1de30ef2907eb21fbbab29ca94c5b08b1a78"

[[package]]
name = "windows_x86_64_gnullvm"
version = "0.48.5"
source = "registry+https://github.com/rust-lang/crates.io-index"
checksum = "0b7b52767868a23d5bab768e390dc5f5c55825b6d30b86c844ff2dc7414044cc"

[[package]]
name = "windows_x86_64_gnullvm"
version = "0.52.6"
source = "registry+https://github.com/rust-lang/crates.io-index"
checksum = "24d5b23dc417412679681396f2b49f3de8c1473deb516bd34410872eff51ed0d"

[[package]]
name = "windows_x86_64_msvc"
version = "0.48.5"
source = "registry+https://github.com/rust-lang/crates.io-index"
checksum = "ed94fce61571a4006852b7389a063ab983c02eb1bb37b47f8272ce92d06d9538"

[[package]]
name = "windows_x86_64_msvc"
version = "0.52.6"
source = "registry+https://github.com/rust-lang/crates.io-index"
checksum = "589f6da84c646204747d1270a2a5661ea66ed1cced2631d546fdfb155959f9ec"

[[package]]
name = "zeroize"
version = "1.8.1"
source = "registry+https://github.com/rust-lang/crates.io-index"
checksum = "ced3678a2879b30306d323f4542626697a464a97c0a07c9aebf7ebca65cd4dde"
