{
  "requires": true,
  "lockfileVersion": 1,
  "dependencies": {
    "module-alias": {
      "version": "2.2.0",
      "resolved": "https://registry.npmjs.org/module-alias/-/module-alias-2.2.0.tgz",
      "integrity": "sha512-O4bbvlZkHj2LUQhieQWWCr486ddc8X+WwRqi3QGnFKfknaxdHTOB7+xRgeyWHc6arpjgtT5SLLMMTFwUM3/x5w==",
      "dev": true
    }
  }
}
